Microsoft Visual Studio Solution File, Format Version 12.00
# Visual Studio Version 17
VisualStudioVersion = 17.0.31903.59
MinimumVisualStudioVersion = 10.0.40219.1
Project("{FAE04EC0-301F-11D3-BF4B-00C04F79EFBC}") = "Ricis.Core", "Ricis.Core.csproj", "{48D1DD38-E25D-498A-8029-312D32FDD733}"
EndProject
Project("{FAE04EC0-301F-11D3-BF4B-00C04F79EFBC}") = "Ricis.Core.RegressionTests", "RegressionTests\Ricis.Core.RegressionTests.csproj", "{6B5C5340-778C-47C9-82D9-6FE5DDBF4E35}"
EndProject
Project("{FAE04EC0-301F-11D3-BF4B-00C04F79EFBC}") = "Ricis.Console", "Ricis.Console\Ricis.Console.csproj", "{223F0FA4-322C-4E4D-BB83-E8029805DDD0}"
EndProject
Project("{FAE04EC0-301F-11D3-BF4B-00C04F79EFBC}") = "Ricis.NavierStokes.Console", "Ricis.NavierStokes.Console\Ricis.NavierStokes.Console.csproj", "{B21A2D42-7062-4FF4-9EBE-3EECE30F012E}"
EndProject
Project("{FAE04EC0-301F-11D3-BF4B-00C04F79EFBC}") = "Ricis.WebApi", "Ricis.WebApi\Ricis.WebApi.csproj", "{6F3C067B-8369-4B6A-B86E-8BE5F326F148}"
EndProject
Project("{FAE04EC0-301F-11D3-BF4B-00C04F79EFBC}") = "Ricis.WebAssembly", "Ricis.WebAssembly\Ricis.WebAssembly.csproj", "{489ABA6C-F86C-44A5-A97D-76135F1C802E}"
EndProject
Project("{2150E333-8FDC-42A3-9474-1A3956D46DE8}") = "Ricis.Finance", "Ricis.Finance", "{9B1A514F-2DFB-4C96-9724-F3DB10670A0A}"
EndProject
Project("{FAE04EC0-301F-11D3-BF4B-00C04F79EFBC}") = "Ricis.Finance.Domain", "Ricis.Finance\Ricis.Finance.Domain\Ricis.Finance.Domain.csproj", "{ADB89228-7479-4389-8EF3-5AC79E42C9AF}"
EndProject
Project("{FAE04EC0-301F-11D3-BF4B-00C04F79EFBC}") = "Ricis.Finance.Application", "Ricis.Finance\Ricis.Finance.Application\Ricis.Finance.Application.csproj", "{C223FC55-C2FF-46C1-8480-CD59A8B40B1B}"
EndProject
Project("{FAE04EC0-301F-11D3-BF4B-00C04F79EFBC}") = "Ricis.Finance.RegressionTests", "Ricis.Finance\Ricis.Finance.RegressionTests\Ricis.Finance.RegressionTests.csproj", "{3713C5F7-1A1B-46DF-84BD-9AA87DFCEBD8}"
EndProject
Global
	GlobalSection(SolutionConfigurationPlatforms) = preSolution
		Debug|Any CPU = Debug|Any CPU
		Release|Any CPU = Release|Any CPU
	EndGlobalSection
	GlobalSection(SolutionProperties) = preSolution
		HideSolutionNode = FALSE
	EndGlobalSection
	GlobalSection(ProjectConfigurationPlatforms) = postSolution
		{48D1DD38-E25D-498A-8029-312D32FDD733}.Debug|Any CPU.ActiveCfg = Debug|Any CPU
		{48D1DD38-E25D-498A-8029-312D32FDD733}.Debug|Any CPU.Build.0 = Debug|Any CPU
		{48D1DD38-E25D-498A-8029-312D32FDD733}.Release|Any CPU.ActiveCfg = Release|Any CPU
		{48D1DD38-E25D-498A-8029-312D32FDD733}.Release|Any CPU.Build.0 = Release|Any CPU
		{6B5C5340-778C-47C9-82D9-6FE5DDBF4E35}.Debug|Any CPU.ActiveCfg = Debug|Any CPU
		{6B5C5340-778C-47C9-82D9-6FE5DDBF4E35}.Debug|Any CPU.Build.0 = Debug|Any CPU
		{6B5C5340-778C-47C9-82D9-6FE5DDBF4E35}.Release|Any CPU.ActiveCfg = Release|Any CPU
		{6B5C5340-778C-47C9-82D9-6FE5DDBF4E35}.Release|Any CPU.Build.0 = Release|Any CPU
		{223F0FA4-322C-4E4D-BB83-E8029805DDD0}.Debug|Any CPU.ActiveCfg = Debug|Any CPU
		{223F0FA4-322C-4E4D-BB83-E8029805DDD0}.Debug|Any CPU.Build.0 = Debug|Any CPU
		{223F0FA4-322C-4E4D-BB83-E8029805DDD0}.Release|Any CPU.ActiveCfg = Release|Any CPU
		{223F0FA4-322C-4E4D-BB83-E8029805DDD0}.Release|Any CPU.Build.0 = Release|Any CPU
		{B21A2D42-7062-4FF4-9EBE-3EECE30F012E}.Debug|Any CPU.ActiveCfg = Debug|Any CPU
		{B21A2D42-7062-4FF4-9EBE-3EECE30F012E}.Debug|Any CPU.Build.0 = Debug|Any CPU
		{B21A2D42-7062-4FF4-9EBE-3EECE30F012E}.Release|Any CPU.ActiveCfg = Release|Any CPU
		{B21A2D42-7062-4FF4-9EBE-3EECE30F012E}.Release|Any CPU.Build.0 = Release|Any CPU
		{6F3C067B-8369-4B6A-B86E-8BE5F326F148}.Debug|Any CPU.ActiveCfg = Debug|Any CPU
		{6F3C067B-8369-4B6A-B86E-8BE5F326F148}.Debug|Any CPU.Build.0 = Debug|Any CPU
		{6F3C067B-8369-4B6A-B86E-8BE5F326F148}.Release|Any CPU.ActiveCfg = Release|Any CPU
		{6F3C067B-8369-4B6A-B86E-8BE5F326F148}.Release|Any CPU.Build.0 = Release|Any CPU
		{489ABA6C-F86C-44A5-A97D-76135F1C802E}.Debug|Any CPU.ActiveCfg = Debug|Any CPU
		{489ABA6C-F86C-44A5-A97D-76135F1C802E}.Debug|Any CPU.Build.0 = Debug|Any CPU
		{489ABA6C-F86C-44A5-A97D-76135F1C802E}.Release|Any CPU.ActiveCfg = Release|Any CPU
		{489ABA6C-F86C-44A5-A97D-76135F1C802E}.Release|Any CPU.Build.0 = Release|Any CPU
		{ADB89228-7479-4389-8EF3-5AC79E42C9AF}.Debug|Any CPU.ActiveCfg = Debug|Any CPU
		{ADB89228-7479-4389-8EF3-5AC79E42C9AF}.Debug|Any CPU.Build.0 = Debug|Any CPU
		{ADB89228-7479-4389-8EF3-5AC79E42C9AF}.Release|Any CPU.ActiveCfg = Release|Any CPU
		{ADB89228-7479-4389-8EF3-5AC79E42C9AF}.Release|Any CPU.Build.0 = Release|Any CPU
		{C223FC55-C2FF-46C1-8480-CD59A8B40B1B}.Debug|Any CPU.ActiveCfg = Debug|Any CPU
		{C223FC55-C2FF-46C1-8480-CD59A8B40B1B}.Debug|Any CPU.Build.0 = Debug|Any CPU
		{C223FC55-C2FF-46C1-8480-CD59A8B40B1B}.Release|Any CPU.ActiveCfg = Release|Any CPU
		{C223FC55-C2FF-46C1-8480-CD59A8B40B1B}.Release|Any CPU.Build.0 = Release|Any CPU
		{3713C5F7-1A1B-46DF-84BD-9AA87DFCEBD8}.Debug|Any CPU.ActiveCfg = Debug|Any CPU
		{3713C5F7-1A1B-46DF-84BD-9AA87DFCEBD8}.Debug|Any CPU.Build.0 = Debug|Any CPU
		{3713C5F7-1A1B-46DF-84BD-9AA87DFCEBD8}.Release|Any CPU.ActiveCfg = Release|Any CPU
		{3713C5F7-1A1B-46DF-84BD-9AA87DFCEBD8}.Release|Any CPU.Build.0 = Release|Any CPU
	EndGlobalSection
	GlobalSection(NestedProjects) = preSolution
		{ADB89228-7479-4389-8EF3-5AC79E42C9AF} = {9B1A514F-2DFB-4C96-9724-F3DB10670A0A}
		{C223FC55-C2FF-46C1-8480-CD59A8B40B1B} = {9B1A514F-2DFB-4C96-9724-F3DB10670A0A}
		{3713C5F7-1A1B-46DF-84BD-9AA87DFCEBD8} = {9B1A514F-2DFB-4C96-9724-F3DB10670A0A}
	EndGlobalSection
EndGlobal
